// !$*UTF8*$!
{
	archiveVersion = 1;
	classes = {
	};
	objectVersion = 48;
	objects = {

/* Begin PBXBuildFile section */
		FA009C951FC35FCF00F178B8 /* Punchable.swift in Sources */ = {isa = PBXBuildFile; fileRef = FA009C941FC35FCF00F178B8 /* Punchable.swift */; };
		FA009C971FC35FDE00F178B8 /* isPunched.swift in Sources */ = {isa = PBXBuildFile; fileRef = FA009C961FC35FDE00F178B8 /* isPunched.swift */; };
		FA1F3B071FE1AB55007D6DFD /* GameScene.swift in Sources */ = {isa = PBXBuildFile; fileRef = FA1F3B041FE1AB55007D6DFD /* GameScene.swift */; };
		FA1F3B081FE1AB55007D6DFD /* StartScene.swift in Sources */ = {isa = PBXBuildFile; fileRef = FA1F3B051FE1AB55007D6DFD /* StartScene.swift */; };
		FA1F3B091FE1AB55007D6DFD /* LevelCompleteScene.swift in Sources */ = {isa = PBXBuildFile; fileRef = FA1F3B061FE1AB55007D6DFD /* LevelCompleteScene.swift */; };
		FA1F3B101FE1ADE2007D6DFD /* powerup sound.mp3 in Resources */ = {isa = PBXBuildFile; fileRef = FA1F3B0B1FE1ADE2007D6DFD /* powerup sound.mp3 */; };
		FA1F3B111FE1ADE2007D6DFD /* extra sound.mp3 in Resources */ = {isa = PBXBuildFile; fileRef = FA1F3B0C1FE1ADE2007D6DFD /* extra sound.mp3 */; };
		FA1F3B121FE1ADE2007D6DFD /* boss sound.mp3 in Resources */ = {isa = PBXBuildFile; fileRef = FA1F3B0D1FE1ADE2007D6DFD /* boss sound.mp3 */; };
		FA1F3B131FE1ADE2007D6DFD /* invader sound.mp3 in Resources */ = {isa = PBXBuildFile; fileRef = FA1F3B0E1FE1ADE2007D6DFD /* invader sound.mp3 */; };
		FA1F3B141FE1ADE2007D6DFD /* laser sound.mp3 in Resources */ = {isa = PBXBuildFile; fileRef = FA1F3B0F1FE1ADE2007D6DFD /* laser sound.mp3 */; };
		FA1F3B171FE1AE91007D6DFD /* Utilities.swift in Sources */ = {isa = PBXBuildFile; fileRef = FA1F3B161FE1AE90007D6DFD /* Utilities.swift */; };
		FA1F3B191FE1AF8F007D6DFD /* StarField.sks in Resources */ = {isa = PBXBuildFile; fileRef = FA1F3B181FE1AF8F007D6DFD /* StarField.sks */; };
		FA1F3B1F1FE1AFD3007D6DFD /* PlayerLaser.swift in Sources */ = {isa = PBXBuildFile; fileRef = FA1F3B1A1FE1AFD3007D6DFD /* PlayerLaser.swift */; };
		FA1F3B201FE1AFD3007D6DFD /* Projectile.swift in Sources */ = {isa = PBXBuildFile; fileRef = FA1F3B1B1FE1AFD3007D6DFD /* Projectile.swift */; };
		FA1F3B211FE1AFD3007D6DFD /* Invader.swift in Sources */ = {isa = PBXBuildFile; fileRef = FA1F3B1C1FE1AFD3007D6DFD /* Invader.swift */; };
		FA1F3B221FE1AFD3007D6DFD /* InvaderLaser.swift in Sources */ = {isa = PBXBuildFile; fileRef = FA1F3B1D1FE1AFD3007D6DFD /* InvaderLaser.swift */; };
		FA1F3B231FE1AFD3007D6DFD /* Player.swift in Sources */ = {isa = PBXBuildFile; fileRef = FA1F3B1E1FE1AFD3007D6DFD /* Player.swift */; };
		FA1F3B251FE1B097007D6DFD /* ProgrammingViewController.swift in Sources */ = {isa = PBXBuildFile; fileRef = FA1F3B241FE1B097007D6DFD /* ProgrammingViewController.swift */; };
		FA4AD9AD1FB3A5A600B6EE5D /* Default-568h@2x.png in Resources */ = {isa = PBXBuildFile; fileRef = FA4AD9AC1FB3A5A600B6EE5D /* Default-568h@2x.png */; };
		FA63DB841FD72A8800ED62C0 /* DrawingView.swift in Sources */ = {isa = PBXBuildFile; fileRef = FA63DB831FD72A8800ED62C0 /* DrawingView.swift */; };
		FA91E5AA1FA256DF008B11CE /* AppDelegate.swift in Sources */ = {isa = PBXBuildFile; fileRef = FA91E5A91FA256DF008B11CE /* AppDelegate.swift */; };
		FA91E5AC1FA256DF008B11CE /* ViewController.swift in Sources */ = {isa = PBXBuildFile; fileRef = FA91E5AB1FA256DF008B11CE /* ViewController.swift */; };
		FA91E5AF1FA256DF008B11CE /* Main.storyboard in Resources */ = {isa = PBXBuildFile; fileRef = FA91E5AD1FA256DF008B11CE /* Main.storyboard */; };
		FA91E5B11FA256DF008B11CE /* Assets.xcassets in Resources */ = {isa = PBXBuildFile; fileRef = FA91E5B01FA256DF008B11CE /* Assets.xcassets */; };
		FA91E5B41FA256DF008B11CE /* LaunchScreen.storyboard in Resources */ = {isa = PBXBuildFile; fileRef = FA91E5B21FA256DF008B11CE /* LaunchScreen.storyboard */; };
		FA91E5BF1FA256DF008B11CE /* ParkerBrailow_CSPTests.swift in Sources */ = {isa = PBXBuildFile; fileRef = FA91E5BE1FA256DF008B11CE /* ParkerBrailow_CSPTests.swift */; };
		FA91E5D01FA25CCB008B11CE /* Abstraction.swift in Sources */ = {isa = PBXBuildFile; fileRef = FA91E5CF1FA25CCB008B11CE /* Abstraction.swift */; };
		FA91E5D21FA25CDF008B11CE /* Data and Information.swift in Sources */ = {isa = PBXBuildFile; fileRef = FA91E5D11FA25CDF008B11CE /* Data and Information.swift */; };
		FA91E5D41FA25CF7008B11CE /* Algorithms.swift in Sources */ = {isa = PBXBuildFile; fileRef = FA91E5D31FA25CF7008B11CE /* Algorithms.swift */; };
		FA91E5D81FA25D1E008B11CE /* InternetMasterViewController.swift in Sources */ = {isa = PBXBuildFile; fileRef = FA91E5D71FA25D1E008B11CE /* InternetMasterViewController.swift */; };
		FA91E5DA1FA25D36008B11CE /* Global Impact.swift in Sources */ = {isa = PBXBuildFile; fileRef = FA91E5D91FA25D36008B11CE /* Global Impact.swift */; };
		FACB6D7D1FD9C2CA006E0D32 /* CreativityViewController.swift in Sources */ = {isa = PBXBuildFile; fileRef = FACB6D7C1FD9C2CA006E0D32 /* CreativityViewController.swift */; };
		FACB6D7F1FD9D36B006E0D32 /* ArtCell.swift in Sources */ = {isa = PBXBuildFile; fileRef = FACB6D7E1FD9D36B006E0D32 /* ArtCell.swift */; };
		FAE4A9381FCF39A500D74C8F /* InternetDetailViewController.swift in Sources */ = {isa = PBXBuildFile; fileRef = FAE4A9371FCF39A500D74C8F /* InternetDetailViewController.swift */; };
		FAE4A93B1FCF3B9800D74C8F /* WebKit.framework in Frameworks */ = {isa = PBXBuildFile; fileRef = FAE4A93A1FCF3B9800D74C8F /* WebKit.framework */; };
/* End PBXBuildFile section */

/* Begin PBXContainerItemProxy section */
		FA91E5BB1FA256DF008B11CE /* PBXContainerItemProxy */ = {
			isa = PBXContainerItemProxy;
			containerPortal = FA91E59E1FA256DF008B11CE /* Project object */;
			proxyType = 1;
			remoteGlobalIDString = FA91E5A51FA256DF008B11CE;
			remoteInfo = ParkerBrailow_CSP;
		};
/* End PBXContainerItemProxy section */

/* Begin PBXFileReference section */
		FA009C941FC35FCF00F178B8 /* Punchable.swift */ = {isa = PBXFileReference; lastKnownFileType = sourcecode.swift; path = Punchable.swift; sourceTree = "<group>"; };
		FA009C961FC35FDE00F178B8 /* isPunched.swift */ = {isa = PBXFileReference; lastKnownFileType = sourcecode.swift; path = isPunched.swift; sourceTree = "<group>"; };
		FA1F3B041FE1AB55007D6DFD /* GameScene.swift */ = {isa = PBXFileReference; fileEncoding = 4; lastKnownFileType = sourcecode.swift; path = GameScene.swift; sourceTree = "<group>"; };
		FA1F3B051FE1AB55007D6DFD /* StartScene.swift */ = {isa = PBXFileReference; fileEncoding = 4; lastKnownFileType = sourcecode.swift; path = StartScene.swift; sourceTree = "<group>"; };
		FA1F3B061FE1AB55007D6DFD /* LevelCompleteScene.swift */ = {isa = PBXFileReference; fileEncoding = 4; lastKnownFileType = sourcecode.swift; path = LevelCompleteScene.swift; sourceTree = "<group>"; };
		FA1F3B0B1FE1ADE2007D6DFD /* powerup sound.mp3 */ = {isa = PBXFileReference; lastKnownFileType = audio.mp3; path = "powerup sound.mp3"; sourceTree = "<group>"; };
		FA1F3B0C1FE1ADE2007D6DFD /* extra sound.mp3 */ = {isa = PBXFileReference; lastKnownFileType = audio.mp3; path = "extra sound.mp3"; sourceTree = "<group>"; };
		FA1F3B0D1FE1ADE2007D6DFD /* boss sound.mp3 */ = {isa = PBXFileReference; lastKnownFileType = audio.mp3; path = "boss sound.mp3"; sourceTree = "<group>"; };
		FA1F3B0E1FE1ADE2007D6DFD /* invader sound.mp3 */ = {isa = PBXFileReference; lastKnownFileType = audio.mp3; path = "invader sound.mp3"; sourceTree = "<group>"; };
		FA1F3B0F1FE1ADE2007D6DFD /* laser sound.mp3 */ = {isa = PBXFileReference; lastKnownFileType = audio.mp3; path = "laser sound.mp3"; sourceTree = "<group>"; };
		FA1F3B161FE1AE90007D6DFD /* Utilities.swift */ = {isa = PBXFileReference; fileEncoding = 4; lastKnownFileType = sourcecode.swift; path = Utilities.swift; sourceTree = "<group>"; };
		FA1F3B181FE1AF8F007D6DFD /* StarField.sks */ = {isa = PBXFileReference; lastKnownFileType = file.sks; path = StarField.sks; sourceTree = "<group>"; };
		FA1F3B1A1FE1AFD3007D6DFD /* PlayerLaser.swift */ = {isa = PBXFileReference; fileEncoding = 4; lastKnownFileType = sourcecode.swift; path = PlayerLaser.swift; sourceTree = "<group>"; };
		FA1F3B1B1FE1AFD3007D6DFD /* Projectile.swift */ = {isa = PBXFileReference; fileEncoding = 4; lastKnownFileType = sourcecode.swift; path = Projectile.swift; sourceTree = "<group>"; };
		FA1F3B1C1FE1AFD3007D6DFD /* Invader.swift */ = {isa = PBXFileReference; fileEncoding = 4; lastKnownFileType = sourcecode.swift; path = Invader.swift; sourceTree = "<group>"; };
		FA1F3B1D1FE1AFD3007D6DFD /* InvaderLaser.swift */ = {isa = PBXFileReference; fileEncoding = 4; lastKnownFileType = sourcecode.swift; path = InvaderLaser.swift; sourceTree = "<group>"; };
		FA1F3B1E1FE1AFD3007D6DFD /* Player.swift */ = {isa = PBXFileReference; fileEncoding = 4; lastKnownFileType = sourcecode.swift; path = Player.swift; sourceTree = "<group>"; };
		FA1F3B241FE1B097007D6DFD /* ProgrammingViewController.swift */ = {isa = PBXFileReference; lastKnownFileType = sourcecode.swift; path = ProgrammingViewController.swift; sourceTree = "<group>"; };
		FA4AD9AC1FB3A5A600B6EE5D /* Default-568h@2x.png */ = {isa = PBXFileReference; lastKnownFileType = image.png; path = "Default-568h@2x.png"; sourceTree = "<group>"; };
		FA63DB831FD72A8800ED62C0 /* DrawingView.swift */ = {isa = PBXFileReference; lastKnownFileType = sourcecode.swift; path = DrawingView.swift; sourceTree = "<group>"; };
		FA91E5A61FA256DF008B11CE /* ParkerBrailow_CSP.app */ = {isa = PBXFileReference; explicitFileType = wrapper.application; includeInIndex = 0; path = ParkerBrailow_CSP.app; sourceTree = BUILT_PRODUCTS_DIR; };
		FA91E5A91FA256DF008B11CE /* AppDelegate.swift */ = {isa = PBXFileReference; lastKnownFileType = sourcecode.swift; path = AppDelegate.swift; sourceTree = "<group>"; };
		FA91E5AB1FA256DF008B11CE /* ViewController.swift */ = {isa = PBXFileReference; lastKnownFileType = sourcecode.swift; path = ViewController.swift; sourceTree = "<group>"; };
		FA91E5AE1FA256DF008B11CE /* Base */ = {isa = PBXFileReference; lastKnownFileType = file.storyboard; name = Base; path = Base.lproj/Main.storyboard; sourceTree = "<group>"; };
		FA91E5B01FA256DF008B11CE /* Assets.xcassets */ = {isa = PBXFileReference; lastKnownFileType = folder.assetcatalog; path = Assets.xcassets; sourceTree = "<group>"; };
		FA91E5B31FA256DF008B11CE /* Base */ = {isa = PBXFileReference; lastKnownFileType = file.storyboard; name = Base; path = Base.lproj/LaunchScreen.storyboard; sourceTree = "<group>"; };
		FA91E5B51FA256DF008B11CE /* Info.plist */ = {isa = PBXFileReference; lastKnownFileType = text.plist.xml; path = Info.plist; sourceTree = "<group>"; };
		FA91E5BA1FA256DF008B11CE /* ParkerBrailow_CSPTests.xctest */ = {isa = PBXFileReference; explicitFileType = wrapper.cfbundle; includeInIndex = 0; path = ParkerBrailow_CSPTests.xctest; sourceTree = BUILT_PRODUCTS_DIR; };
		FA91E5BE1FA256DF008B11CE /* ParkerBrailow_CSPTests.swift */ = {isa = PBXFileReference; lastKnownFileType = sourcecode.swift; path = ParkerBrailow_CSPTests.swift; sourceTree = "<group>"; };
		FA91E5C01FA256DF008B11CE /* Info.plist */ = {isa = PBXFileReference; lastKnownFileType = text.plist.xml; path = Info.plist; sourceTree = "<group>"; };
		FA91E5CF1FA25CCB008B11CE /* Abstraction.swift */ = {isa = PBXFileReference; lastKnownFileType = sourcecode.swift; path = Abstraction.swift; sourceTree = "<group>"; };
		FA91E5D11FA25CDF008B11CE /* Data and Information.swift */ = {isa = PBXFileReference; lastKnownFileType = sourcecode.swift; path = "Data and Information.swift"; sourceTree = "<group>"; };
		FA91E5D31FA25CF7008B11CE /* Algorithms.swift */ = {isa = PBXFileReference; lastKnownFileType = sourcecode.swift; path = Algorithms.swift; sourceTree = "<group>"; };
		FA91E5D71FA25D1E008B11CE /* InternetMasterViewController.swift */ = {isa = PBXFileReference; lastKnownFileType = sourcecode.swift; path = InternetMasterViewController.swift; sourceTree = "<group>"; };
		FA91E5D91FA25D36008B11CE /* Global Impact.swift */ = {isa = PBXFileReference; lastKnownFileType = sourcecode.swift; path = "Global Impact.swift"; sourceTree = "<group>"; };
		FACB6D7C1FD9C2CA006E0D32 /* CreativityViewController.swift */ = {isa = PBXFileReference; lastKnownFileType = sourcecode.swift; path = CreativityViewController.swift; sourceTree = "<group>"; };
		FACB6D7E1FD9D36B006E0D32 /* ArtCell.swift */ = {isa = PBXFileReference; lastKnownFileType = sourcecode.swift; path = ArtCell.swift; sourceTree = "<group>"; };
		FAE4A9371FCF39A500D74C8F /* InternetDetailViewController.swift */ = {isa = PBXFileReference; lastKnownFileType = sourcecode.swift; path = InternetDetailViewController.swift; sourceTree = "<group>"; };
		FAE4A93A1FCF3B9800D74C8F /* WebKit.framework */ = {isa = PBXFileReference; lastKnownFileType = wrapper.framework; name = WebKit.framework; path = System/Library/Frameworks/WebKit.framework; sourceTree = SDKROOT; };
/* End PBXFileReference section */

/* Begin PBXFrameworksBuildPhase section */
		FA91E5A31FA256DF008B11CE /* Frameworks */ = {
			isa = PBXFrameworksBuildPhase;
			buildActionMask = 2147483647;
			files = (
				FAE4A93B1FCF3B9800D74C8F /* WebKit.framework in Frameworks */,
			);
			runOnlyForDeploymentPostprocessing = 0;
		};
		FA91E5B71FA256DF008B11CE /* Frameworks */ = {
			isa = PBXFrameworksBuildPhase;
			buildActionMask = 2147483647;
			files = (
			);
			runOnlyForDeploymentPostprocessing = 0;
		};
/* End PBXFrameworksBuildPhase section */

/* Begin PBXGroup section */
		FA1F3B0A1FE1AC90007D6DFD /* GameController */ = {
			isa = PBXGroup;
			children = (
				FA1F3B041FE1AB55007D6DFD /* GameScene.swift */,
				FA1F3B061FE1AB55007D6DFD /* LevelCompleteScene.swift */,
				FA1F3B051FE1AB55007D6DFD /* StartScene.swift */,
			);
			path = GameController;
			sourceTree = "<group>";
		};
		FA1F3B151FE1ADF3007D6DFD /* Sounds */ = {
			isa = PBXGroup;
			children = (
				FA1F3B0D1FE1ADE2007D6DFD /* boss sound.mp3 */,
				FA1F3B0C1FE1ADE2007D6DFD /* extra sound.mp3 */,
				FA1F3B0E1FE1ADE2007D6DFD /* invader sound.mp3 */,
				FA1F3B0F1FE1ADE2007D6DFD /* laser sound.mp3 */,
				FA1F3B0B1FE1ADE2007D6DFD /* powerup sound.mp3 */,
			);
			path = Sounds;
			sourceTree = "<group>";
		};
		FA91E59D1FA256DF008B11CE = {
			isa = PBXGroup;
			children = (
				FA4AD9AC1FB3A5A600B6EE5D /* Default-568h@2x.png */,
				FA91E5A81FA256DF008B11CE /* ParkerBrailow_CSP */,
				FA91E5BD1FA256DF008B11CE /* ParkerBrailow_CSPTests */,
				FA91E5A71FA256DF008B11CE /* Products */,
				FAE4A9391FCF3B9800D74C8F /* Frameworks */,
			);
			sourceTree = "<group>";
		};
		FA91E5A71FA256DF008B11CE /* Products */ = {
			isa = PBXGroup;
			children = (
				FA91E5A61FA256DF008B11CE /* ParkerBrailow_CSP.app */,
				FA91E5BA1FA256DF008B11CE /* ParkerBrailow_CSPTests.xctest */,
			);
			name = Products;
			sourceTree = "<group>";
		};
		FA91E5A81FA256DF008B11CE /* ParkerBrailow_CSP */ = {
			isa = PBXGroup;
			children = (
				FA91E5CC1FA25779008B11CE /* Resources */,
				FA91E5CB1FA2576D008B11CE /* Model */,
				FA91E5CA1FA2575C008B11CE /* View */,
				FA91E5C91FA25739008B11CE /* Controller */,
				FA91E5B21FA256DF008B11CE /* LaunchScreen.storyboard */,
			);
			path = ParkerBrailow_CSP;
			sourceTree = "<group>";
		};
		FA91E5BD1FA256DF008B11CE /* ParkerBrailow_CSPTests */ = {
			isa = PBXGroup;
			children = (
				FA91E5BE1FA256DF008B11CE /* ParkerBrailow_CSPTests.swift */,
				FA91E5C01FA256DF008B11CE /* Info.plist */,
			);
			path = ParkerBrailow_CSPTests;
			sourceTree = "<group>";
		};
		FA91E5C91FA25739008B11CE /* Controller */ = {
			isa = PBXGroup;
			children = (
				FA1F3B0A1FE1AC90007D6DFD /* GameController */,
				FA91E5AB1FA256DF008B11CE /* ViewController.swift */,
				FA91E5A91FA256DF008B11CE /* AppDelegate.swift */,
				FA91E5CF1FA25CCB008B11CE /* Abstraction.swift */,
				FA91E5D11FA25CDF008B11CE /* Data and Information.swift */,
				FA91E5D31FA25CF7008B11CE /* Algorithms.swift */,
				FA91E5D71FA25D1E008B11CE /* InternetMasterViewController.swift */,
				FA91E5D91FA25D36008B11CE /* Global Impact.swift */,
				FAE4A9371FCF39A500D74C8F /* InternetDetailViewController.swift */,
				FACB6D7C1FD9C2CA006E0D32 /* CreativityViewController.swift */,
				FACB6D7E1FD9D36B006E0D32 /* ArtCell.swift */,
				FA1F3B241FE1B097007D6DFD /* ProgrammingViewController.swift */,
			);
			path = Controller;
			sourceTree = "<group>";
		};
		FA91E5CA1FA2575C008B11CE /* View */ = {
			isa = PBXGroup;
			children = (
				FA1F3B181FE1AF8F007D6DFD /* StarField.sks */,
				FA91E5AD1FA256DF008B11CE /* Main.storyboard */,
				FA63DB831FD72A8800ED62C0 /* DrawingView.swift */,
			);
			path = View;
			sourceTree = "<group>";
		};
		FA91E5CB1FA2576D008B11CE /* Model */ = {
			isa = PBXGroup;
			children = (
				FA1F3B1C1FE1AFD3007D6DFD /* Invader.swift */,
				FA1F3B1D1FE1AFD3007D6DFD /* InvaderLaser.swift */,
				FA1F3B1E1FE1AFD3007D6DFD /* Player.swift */,
				FA1F3B1A1FE1AFD3007D6DFD /* PlayerLaser.swift */,
				FA1F3B1B1FE1AFD3007D6DFD /* Projectile.swift */,
				FA009C941FC35FCF00F178B8 /* Punchable.swift */,
				FA009C961FC35FDE00F178B8 /* isPunched.swift */,
			);
			path = Model;
			sourceTree = "<group>";
		};
		FA91E5CC1FA25779008B11CE /* Resources */ = {
			isa = PBXGroup;
			children = (
				FA1F3B161FE1AE90007D6DFD /* Utilities.swift */,
				FA1F3B151FE1ADF3007D6DFD /* Sounds */,
				FA91E5B51FA256DF008B11CE /* Info.plist */,
				FA91E5B01FA256DF008B11CE /* Assets.xcassets */,
			);
			path = Resources;
			sourceTree = "<group>";
		};
		FAE4A9391FCF3B9800D74C8F /* Frameworks */ = {
			isa = PBXGroup;
			children = (
				FAE4A93A1FCF3B9800D74C8F /* WebKit.framework */,
			);
			name = Frameworks;
			sourceTree = "<group>";
		};
/* End PBXGroup section */

/* Begin PBXNativeTarget section */
		FA91E5A51FA256DF008B11CE /* ParkerBrailow_CSP */ = {
			isa = PBXNativeTarget;
			buildConfigurationList = FA91E5C31FA256DF008B11CE /* Build configuration list for PBXNativeTarget "ParkerBrailow_CSP" */;
			buildPhases = (
				FA91E5A21FA256DF008B11CE /* Sources */,
				FA91E5A31FA256DF008B11CE /* Frameworks */,
				FA91E5A41FA256DF008B11CE /* Resources */,
			);
			buildRules = (
			);
			dependencies = (
			);
			name = ParkerBrailow_CSP;
			productName = ParkerBrailow_CSP;
			productReference = FA91E5A61FA256DF008B11CE /* ParkerBrailow_CSP.app */;
			productType = "com.apple.product-type.application";
		};
		FA91E5B91FA256DF008B11CE /* ParkerBrailow_CSPTests */ = {
			isa = PBXNativeTarget;
			buildConfigurationList = FA91E5C61FA256DF008B11CE /* Build configuration list for PBXNativeTarget "ParkerBrailow_CSPTests" */;
			buildPhases = (
				FA91E5B61FA256DF008B11CE /* Sources */,
				FA91E5B71FA256DF008B11CE /* Frameworks */,
				FA91E5B81FA256DF008B11CE /* Resources */,
			);
			buildRules = (
			);
			dependencies = (
				FA91E5BC1FA256DF008B11CE /* PBXTargetDependency */,
			);
			name = ParkerBrailow_CSPTests;
			productName = ParkerBrailow_CSPTests;
			productReference = FA91E5BA1FA256DF008B11CE /* ParkerBrailow_CSPTests.xctest */;
			productType = "com.apple.product-type.bundle.unit-test";
		};
/* End PBXNativeTarget section */

/* Begin PBXProject section */
		FA91E59E1FA256DF008B11CE /* Project object */ = {
			isa = PBXProject;
			attributes = {
				LastSwiftUpdateCheck = 0900;
				LastUpgradeCheck = 0900;
				ORGANIZATIONNAME = "Brailow Inc.";
				TargetAttributes = {
					FA91E5A51FA256DF008B11CE = {
						CreatedOnToolsVersion = 9.0;
						ProvisioningStyle = Automatic;
					};
					FA91E5B91FA256DF008B11CE = {
						CreatedOnToolsVersion = 9.0;
						ProvisioningStyle = Automatic;
						TestTargetID = FA91E5A51FA256DF008B11CE;
					};
				};
			};
			buildConfigurationList = FA91E5A11FA256DF008B11CE /* Build configuration list for PBXProject "ParkerBrailow_CSP" */;
			compatibilityVersion = "Xcode 8.0";
			developmentRegion = en;
			hasScannedForEncodings = 0;
			knownRegions = (
				en,
				Base,
			);
			mainGroup = FA91E59D1FA256DF008B11CE;
			productRefGroup = FA91E5A71FA256DF008B11CE /* Products */;
			projectDirPath = "";
			projectRoot = "";
			targets = (
				FA91E5A51FA256DF008B11CE /* ParkerBrailow_CSP */,
				FA91E5B91FA256DF008B11CE /* ParkerBrailow_CSPTests */,
			);
		};
/* End PBXProject section */

/* Begin PBXResourcesBuildPhase section */
		FA91E5A41FA256DF008B11CE /* Resources */ = {
			isa = PBXResourcesBuildPhase;
			buildActionMask = 2147483647;
			files = (
				FA91E5B41FA256DF008B11CE /* LaunchScreen.storyboard in Resources */,
				FA1F3B141FE1ADE2007D6DFD /* laser sound.mp3 in Resources */,
				FA1F3B191FE1AF8F007D6DFD /* StarField.sks in Resources */,
				FA1F3B131FE1ADE2007D6DFD /* invader sound.mp3 in Resources */,
				FA1F3B121FE1ADE2007D6DFD /* boss sound.mp3 in Resources */,
				FA4AD9AD1FB3A5A600B6EE5D /* Default-568h@2x.png in Resources */,
				FA91E5B11FA256DF008B11CE /* Assets.xcassets in Resources */,
				FA91E5AF1FA256DF008B11CE /* Main.storyboard in Resources */,
				FA1F3B111FE1ADE2007D6DFD /* extra sound.mp3 in Resources */,
				FA1F3B101FE1ADE2007D6DFD /* powerup sound.mp3 in Resources */,
			);
			runOnlyForDeploymentPostprocessing = 0;
		};
		FA91E5B81FA256DF008B11CE /* Resources */ = {
			isa = PBXResourcesBuildPhase;
			buildActionMask = 2147483647;
			files = (
			);
			runOnlyForDeploymentPostprocessing = 0;
		};
/* End PBXResourcesBuildPhase section */

/* Begin PBXSourcesBuildPhase section */
		FA91E5A21FA256DF008B11CE /* Sources */ = {
			isa = PBXSourcesBuildPhase;
			buildActionMask = 2147483647;
			files = (
				FA1F3B201FE1AFD3007D6DFD /* Projectile.swift in Sources */,
				FA1F3B221FE1AFD3007D6DFD /* InvaderLaser.swift in Sources */,
				FA1F3B071FE1AB55007D6DFD /* GameScene.swift in Sources */,
				FA009C951FC35FCF00F178B8 /* Punchable.swift in Sources */,
				FA1F3B231FE1AFD3007D6DFD /* Player.swift in Sources */,
				FACB6D7F1FD9D36B006E0D32 /* ArtCell.swift in Sources */,
				FA1F3B091FE1AB55007D6DFD /* LevelCompleteScene.swift in Sources */,
				FA91E5DA1FA25D36008B11CE /* Global Impact.swift in Sources */,
				FA91E5AC1FA256DF008B11CE /* ViewController.swift in Sources */,
				FA1F3B171FE1AE91007D6DFD /* Utilities.swift in Sources */,
				FAE4A9381FCF39A500D74C8F /* InternetDetailViewController.swift in Sources */,
				FA63DB841FD72A8800ED62C0 /* DrawingView.swift in Sources */,
				FA1F3B251FE1B097007D6DFD /* ProgrammingViewController.swift in Sources */,
				FA1F3B081FE1AB55007D6DFD /* StartScene.swift in Sources */,
				FA91E5D21FA25CDF008B11CE /* Data and Information.swift in Sources */,
				FA91E5D01FA25CCB008B11CE /* Abstraction.swift in Sources */,
				FA1F3B1F1FE1AFD3007D6DFD /* PlayerLaser.swift in Sources */,
				FA009C971FC35FDE00F178B8 /* isPunched.swift in Sources */,
				FA1F3B211FE1AFD3007D6DFD /* Invader.swift in Sources */,
				FACB6D7D1FD9C2CA006E0D32 /* CreativityViewController.swift in Sources */,
				FA91E5AA1FA256DF008B11CE /* AppDelegate.swift in Sources */,
				FA91E5D41FA25CF7008B11CE /* Algorithms.swift in Sources */,
				FA91E5D81FA25D1E008B11CE /* InternetMasterViewController.swift in Sources */,
			);
			runOnlyForDeploymentPostprocessing = 0;
		};
		FA91E5B61FA256DF008B11CE /* Sources */ = {
			isa = PBXSourcesBuildPhase;
			buildActionMask = 2147483647;
			files = (
				FA91E5BF1FA256DF008B11CE /* ParkerBrailow_CSPTests.swift in Sources */,
			);
			runOnlyForDeploymentPostprocessing = 0;
		};
/* End PBXSourcesBuildPhase section */

/* Begin PBXTargetDependency section */
		FA91E5BC1FA256DF008B11CE /* PBXTargetDependency */ = {
			isa = PBXTargetDependency;
			target = FA91E5A51FA256DF008B11CE /* ParkerBrailow_CSP */;
			targetProxy = FA91E5BB1FA256DF008B11CE /* PBXContainerItemProxy */;
		};
/* End PBXTargetDependency section */

/* Begin PBXVariantGroup section */
		FA91E5AD1FA256DF008B11CE /* Main.storyboard */ = {
			isa = PBXVariantGroup;
			children = (
				FA91E5AE1FA256DF008B11CE /* Base */,
			);
			name = Main.storyboard;
			sourceTree = "<group>";
		};
		FA91E5B21FA256DF008B11CE /* LaunchScreen.storyboard */ = {
			isa = PBXVariantGroup;
			children = (
				FA91E5B31FA256DF008B11CE /* Base */,
			);
			name = LaunchScreen.storyboard;
			sourceTree = "<group>";
		};
/* End PBXVariantGroup section */

/* Begin XCBuildConfiguration section */
		FA91E5C11FA256DF008B11CE /* Debug */ = {
			isa = XCBuildConfiguration;
			buildSettings = {
				ALWAYS_SEARCH_USER_PATHS = NO;
				CLANG_ANALYZER_NONNULL = YES;
				CLANG_ANALYZER_NUMBER_OBJECT_CONVERSION = YES_AGGRESSIVE;
				CLANG_CXX_LANGUAGE_STANDARD = "gnu++14";
				CLANG_CXX_LIBRARY = "libc++";
				CLANG_ENABLE_MODULES = YES;
				CLANG_ENABLE_OBJC_ARC = YES;
				CLANG_WARN_BLOCK_CAPTURE_AUTORELEASING = YES;
				CLANG_WARN_BOOL_CONVERSION = YES;
				CLANG_WARN_COMMA = YES;
				CLANG_WARN_CONSTANT_CONVERSION = YES;
				CLANG_WARN_DIRECT_OBJC_ISA_USAGE = YES_ERROR;
				CLANG_WARN_DOCUMENTATION_COMMENTS = YES;
				CLANG_WARN_EMPTY_BODY = YES;
				CLANG_WARN_ENUM_CONVERSION = YES;
				CLANG_WARN_INFINITE_RECURSION = YES;
				CLANG_WARN_INT_CONVERSION = YES;
				CLANG_WARN_NON_LITERAL_NULL_CONVERSION = YES;
				CLANG_WARN_OBJC_LITERAL_CONVERSION = YES;
				CLANG_WARN_OBJC_ROOT_CLASS = YES_ERROR;
				CLANG_WARN_RANGE_LOOP_ANALYSIS = YES;
				CLANG_WARN_STRICT_PROTOTYPES = YES;
				CLANG_WARN_SUSPICIOUS_MOVE = YES;
				CLANG_WARN_UNGUARDED_AVAILABILITY = YES_AGGRESSIVE;
				CLANG_WARN_UNREACHABLE_CODE = YES;
				CLANG_WARN__DUPLICATE_METHOD_MATCH = YES;
				CODE_SIGN_IDENTITY = "iPhone Developer";
				COPY_PHASE_STRIP = NO;
				DEBUG_INFORMATION_FORMAT = dwarf;
				ENABLE_STRICT_OBJC_MSGSEND = YES;
				ENABLE_TESTABILITY = YES;
				GCC_C_LANGUAGE_STANDARD = gnu11;
				GCC_DYNAMIC_NO_PIC = NO;
				GCC_NO_COMMON_BLOCKS = YES;
				GCC_OPTIMIZATION_LEVEL = 0;
				GCC_PREPROCESSOR_DEFINITIONS = (
					"DEBUG=1",
					"$(inherited)",
				);
				GCC_WARN_64_TO_32_BIT_CONVERSION = YES;
				GCC_WARN_ABOUT_RETURN_TYPE = YES_ERROR;
				GCC_WARN_UNDECLARED_SELECTOR = YES;
				GCC_WARN_UNINITIALIZED_AUTOS = YES_AGGRESSIVE;
				GCC_WARN_UNUSED_FUNCTION = YES;
				GCC_WARN_UNUSED_VARIABLE = YES;
				IPHONEOS_DEPLOYMENT_TARGET = 11.0;
				MTL_ENABLE_DEBUG_INFO = YES;
				ONLY_ACTIVE_ARCH = YES;
				SDKROOT = iphoneos;
				SWIFT_ACTIVE_COMPILATION_CONDITIONS = DEBUG;
				SWIFT_OPTIMIZATION_LEVEL = "-Onone";
			};
			name = Debug;
		};
		FA91E5C21FA256DF008B11CE /* Release */ = {
			isa = XCBuildConfiguration;
			buildSettings = {
				ALWAYS_SEARCH_USER_PATHS = NO;
				CLANG_ANALYZER_NONNULL = YES;
				CLANG_ANALYZER_NUMBER_OBJECT_CONVERSION = YES_AGGRESSIVE;
				CLANG_CXX_LANGUAGE_STANDARD = "gnu++14";
				CLANG_CXX_LIBRARY = "libc++";
				CLANG_ENABLE_MODULES = YES;
				CLANG_ENABLE_OBJC_ARC = YES;
				CLANG_WARN_BLOCK_CAPTURE_AUTORELEASING = YES;
				CLANG_WARN_BOOL_CONVERSION = YES;
				CLANG_WARN_COMMA = YES;
				CLANG_WARN_CONSTANT_CONVERSION = YES;
				CLANG_WARN_DIRECT_OBJC_ISA_USAGE = YES_ERROR;
				CLANG_WARN_DOCUMENTATION_COMMENTS = YES;
				CLANG_WARN_EMPTY_BODY = YES;
				CLANG_WARN_ENUM_CONVERSION = YES;
				CLANG_WARN_INFINITE_RECURSION = YES;
				CLANG_WARN_INT_CONVERSION = YES;
				CLANG_WARN_NON_LITERAL_NULL_CONVERSION = YES;
				CLANG_WARN_OBJC_LITERAL_CONVERSION = YES;
				CLANG_WARN_OBJC_ROOT_CLASS = YES_ERROR;
				CLANG_WARN_RANGE_LOOP_ANALYSIS = YES;
				CLANG_WARN_STRICT_PROTOTYPES = YES;
				CLANG_WARN_SUSPICIOUS_MOVE = YES;
				CLANG_WARN_UNGUARDED_AVAILABILITY = YES_AGGRESSIVE;
				CLANG_WARN_UNREACHABLE_CODE = YES;
				CLANG_WARN__DUPLICATE_METHOD_MATCH = YES;
				CODE_SIGN_IDENTITY = "iPhone Developer";
				COPY_PHASE_STRIP = NO;
				DEBUG_INFORMATION_FORMAT = "dwarf-with-dsym";
				ENABLE_NS_ASSERTIONS = NO;
				ENABLE_STRICT_OBJC_MSGSEND = YES;
				GCC_C_LANGUAGE_STANDARD = gnu11;
				GCC_NO_COMMON_BLOCKS = YES;
				GCC_WARN_64_TO_32_BIT_CONVERSION = YES;
				GCC_WARN_ABOUT_RETURN_TYPE = YES_ERROR;
				GCC_WARN_UNDECLARED_SELECTOR = YES;
				GCC_WARN_UNINITIALIZED_AUTOS = YES_AGGRESSIVE;
				GCC_WARN_UNUSED_FUNCTION = YES;
				GCC_WARN_UNUSED_VARIABLE = YES;
				IPHONEOS_DEPLOYMENT_TARGET = 11.0;
				MTL_ENABLE_DEBUG_INFO = NO;
				SDKROOT = iphoneos;
				SWIFT_OPTIMIZATION_LEVEL = "-Owholemodule";
				VALIDATE_PRODUCT = YES;
			};
			name = Release;
		};
		FA91E5C41FA256DF008B11CE /* Debug */ = {
			isa = XCBuildConfiguration;
			buildSettings = {
				ASSETCATALOG_COMPILER_APPICON_NAME = AppIcon;
				CODE_SIGN_STYLE = Automatic;
				INFOPLIST_FILE = "$(SRCROOT)/ParkerBrailow_CSP/Resources/Info.plist";
				LD_RUNPATH_SEARCH_PATHS = "$(inherited) @executable_path/Frameworks";
				PRODUCT_BUNDLE_IDENTIFIER = "Brailow-Inc..ParkerBrailow-CSP";
				PRODUCT_NAME = "$(TARGET_NAME)";
				SWIFT_VERSION = 4.0;
				TARGETED_DEVICE_FAMILY = "1,2";
			};
			name = Debug;
		};
		FA91E5C51FA256DF008B11CE /* Release */ = {
			isa = XCBuildConfiguration;
			buildSettings = {
				ASSETCATALOG_COMPILER_APPICON_NAME = AppIcon;
				CODE_SIGN_STYLE = Automatic;
				INFOPLIST_FILE = "$(SRCROOT)/ParkerBrailow_CSP/Resources/Info.plist";
				LD_RUNPATH_SEARCH_PATHS = "$(inherited) @executable_path/Frameworks";
				PRODUCT_BUNDLE_IDENTIFIER = "Brailow-Inc..ParkerBrailow-CSP";
				PRODUCT_NAME = "$(TARGET_NAME)";
				SWIFT_VERSION = 4.0;
				TARGETED_DEVICE_FAMILY = "1,2";
			};
			name = Release;
		};
		FA91E5C71FA256DF008B11CE /* Debug */ = {
			isa = XCBuildConfiguration;
			buildSettings = {
				ALWAYS_EMBED_SWIFT_STANDARD_LIBRARIES = YES;
				BUNDLE_LOADER = "$(TEST_HOST)";
				CODE_SIGN_STYLE = Automatic;
				INFOPLIST_FILE = ParkerBrailow_CSPTests/Info.plist;
				LD_RUNPATH_SEARCH_PATHS = "$(inherited) @executable_path/Frameworks @loader_path/Frameworks";
				PRODUCT_BUNDLE_IDENTIFIER = "Brailow-Inc..ParkerBrailow-CSPTests";
				PRODUCT_NAME = "$(TARGET_NAME)";
				SWIFT_VERSION = 4.0;
				TARGETED_DEVICE_FAMILY = "1,2";
				TEST_HOST = "$(BUILT_PRODUCTS_DIR)/ParkerBrailow_CSP.app/ParkerBrailow_CSP";
			};
			name = Debug;
		};
		FA91E5C81FA256DF008B11CE /* Release */ = {
			isa = XCBuildConfiguration;
			buildSettings = {
				ALWAYS_EMBED_SWIFT_STANDARD_LIBRARIES = YES;
				BUNDLE_LOADER = "$(TEST_HOST)";
				CODE_SIGN_STYLE = Automatic;
				INFOPLIST_FILE = ParkerBrailow_CSPTests/Info.plist;
				LD_RUNPATH_SEARCH_PATHS = "$(inherited) @executable_path/Frameworks @loader_path/Frameworks";
				PRODUCT_BUNDLE_IDENTIFIER = "Brailow-Inc..ParkerBrailow-CSPTests";
				PRODUCT_NAME = "$(TARGET_NAME)";
				SWIFT_VERSION = 4.0;
				TARGETED_DEVICE_FAMILY = "1,2";
				TEST_HOST = "$(BUILT_PRODUCTS_DIR)/ParkerBrailow_CSP.app/ParkerBrailow_CSP";
			};
			name = Release;
		};
/* End XCBuildConfiguration section */

/* Begin XCConfigurationList section */
		FA91E5A11FA256DF008B11CE /* Build configuration list for PBXProject "ParkerBrailow_CSP" */ = {
			isa = XCConfigurationList;
			buildConfigurations = (
				FA91E5C11FA256DF008B11CE /* Debug */,
				FA91E5C21FA256DF008B11CE /* Release */,
			);
			defaultConfigurationIsVisible = 0;
			defaultConfigurationName = Release;
		};
		FA91E5C31FA256DF008B11CE /* Build configuration list for PBXNativeTarget "ParkerBrailow_CSP" */ = {
			isa = XCConfigurationList;
			buildConfigurations = (
				FA91E5C41FA256DF008B11CE /* Debug */,
				FA91E5C51FA256DF008B11CE /* Release */,
			);
			defaultConfigurationIsVisible = 0;
			defaultConfigurationName = Release;
		};
		FA91E5C61FA256DF008B11CE /* Build configuration list for PBXNativeTarget "ParkerBrailow_CSPTests" */ = {
			isa = XCConfigurationList;
			buildConfigurations = (
				FA91E5C71FA256DF008B11CE /* Debug */,
				FA91E5C81FA256DF008B11CE /* Release */,
			);
			defaultConfigurationIsVisible = 0;
			defaultConfigurationName = Release;
		};
/* End XCConfigurationList section */
	};
	rootObject = FA91E59E1FA256DF008B11CE /* Project object */;
}
